// !$*UTF8*$!
{
	archiveVersion = 1;
	classes = {
	};
	objectVersion = 46;
	objects = {

/* Begin PBXBuildFile section */
		D349DE801E46483C00D20426 /* main.m in Sources */ = {isa = PBXBuildFile; fileRef = D349DE7F1E46483C00D20426 /* main.m */; };
		D349DE831E46483C00D20426 /* AppDelegate.m in Sources */ = {isa = PBXBuildFile; fileRef = D349DE821E46483C00D20426 /* AppDelegate.m */; };
		D349DE861E46483C00D20426 /* ViewController.m in Sources */ = {isa = PBXBuildFile; fileRef = D349DE851E46483C00D20426 /* ViewController.m */; };
		D349DE891E46483C00D20426 /* Main.storyboard in Resources */ = {isa = PBXBuildFile; fileRef = D349DE871E46483C00D20426 /* Main.storyboard */; };
		D349DE8B1E46483D00D20426 /* Assets.xcassets in Resources */ = {isa = PBXBuildFile; fileRef = D349DE8A1E46483C00D20426 /* Assets.xcassets */; };
		D349DE8E1E46483D00D20426 /* LaunchScreen.storyboard in Resources */ = {isa = PBXBuildFile; fileRef = D349DE8C1E46483D00D20426 /* LaunchScreen.storyboard */; };
/* End PBXBuildFile section */

/* Begin PBXFileReference section */
		D349DE7B1E46483C00D20426 /* MusicSearch.app */ = {isa = PBXFileReference; explicitFileType = wrapper.application; includeInIndex = 0; path = MusicSearch.app; sourceTree = BUILT_PRODUCTS_DIR; };
		D349DE7F1E46483C00D20426 /* main.m */ = {isa = PBXFileReference; lastKnownFileType = sourcecode.c.objc; path = main.m; sourceTree = "<group>"; };
		D349DE811E46483C00D20426 /* AppDelegate.h */ = {isa = PBXFileReference; lastKnownFileType = sourcecode.c.h; path = AppDelegate.h; sourceTree = "<group>"; };
		D349DE821E46483C00D20426 /* AppDelegate.m */ = {isa = PBXFileReference; lastKnownFileType = sourcecode.c.objc; path = AppDelegate.m; sourceTree = "<group>"; };
		D349DE841E46483C00D20426 /* ViewController.h */ = {isa = PBXFileReference; lastKnownFileType = sourcecode.c.h; path = ViewController.h; sourceTree = "<group>"; };
		D349DE851E46483C00D20426 /* ViewController.m */ = {isa = PBXFileReference; lastKnownFileType = sourcecode.c.objc; path = ViewController.m; sourceTree = "<group>"; };
		D349DE881E46483C00D20426 /* Base */ = {isa = PBXFileReference; lastKnownFileType = file.storyboard; name = Base; path = Base.lproj/Main.storyboard; sourceTree = "<group>"; };
		D349DE8A1E46483C00D20426 /* Assets.xcassets */ = {isa = PBXFileReference; lastKnownFileType = folder.assetcatalog; path = Assets.xcassets; sourceTree = "<group>"; };
		D349DE8D1E46483D00D20426 /* Base */ = {isa = PBXFileReference; lastKnownFileType = file.storyboard; name = Base; path = Base.lproj/LaunchScreen.storyboard; sourceTree = "<group>"; };
		D349DE8F1E46483D00D20426 /* Info.plist */ = {isa = PBXFileReference; lastKnownFileType = text.plist.xml; path = Info.plist; sourceTree = "<group>"; };
/* End PBXFileReference section */

/* Begin PBXFrameworksBuildPhase section */
		D349DE781E46483C00D20426 /* Frameworks */ = {
			isa = PBXFrameworksBuildPhase;
			buildActionMask = 2147483647;
			files = (
			);
			runOnlyForDeploymentPostprocessing = 0;
		};
/* End PBXFrameworksBuildPhase section */

/* Begin PBXGroup section */
		D349DE721E46483C00D20426 = {
			isa = PBXGroup;
			children = (
				D349DE7D1E46483C00D20426 /* MusicSearch */,
				D349DE7C1E46483C00D20426 /* Products */,
			);
			sourceTree = "<group>";
		};
		D349DE7C1E46483C00D20426 /* Products */ = {
			isa = PBXGroup;
			children = (
				D349DE7B1E46483C00D20426 /* MusicSearch.app */,
			);
			name = Products;
			sourceTree = "<group>";
		};
		D349DE7D1E46483C00D20426 /* MusicSearch */ = {
			isa = PBXGroup;
			children = (
				D349DE811E46483C00D20426 /* AppDelegate.h */,
				D349DE821E46483C00D20426 /* AppDelegate.m */,
				D349DE841E46483C00D20426 /* ViewController.h */,
				D349DE851E46483C00D20426 /* ViewController.m */,
				D349DE871E46483C00D20426 /* Main.storyboard */,
				D349DE8A1E46483C00D20426 /* Assets.xcassets */,
				D349DE8C1E46483D00D20426 /* LaunchScreen.storyboard */,
				D349DE8F1E46483D00D20426 /* Info.plist */,
				D349DE7E1E46483C00D20426 /* Supporting Files */,
			);
			path = MusicSearch;
			sourceTree = "<group>";
		};
		D349DE7E1E46483C00D20426 /* Supporting Files */ = {
			isa = PBXGroup;
			children = (
				D349DE7F1E46483C00D20426 /* main.m */,
			);
			name = "Supporting Files";
			sourceTree = "<group>";
		};
/* End PBXGroup section */

/* Begin PBXNativeTarget section */
		D349DE7A1E46483C00D20426 /* MusicSearch */ = {
			isa = PBXNativeTarget;
			buildConfigurationList = D349DE921E46483D00D20426 /* Build configuration list for PBXNativeTarget "MusicSearch" */;
			buildPhases = (
				D349DE771E46483C00D20426 /* Sources */,
				D349DE781E46483C00D20426 /* Frameworks */,
				D349DE791E46483C00D20426 /* Resources */,
			);
			buildRules = (
			);
			dependencies = (
			);
			name = MusicSearch;
			productName = MusicSearch;
			productReference = D349DE7B1E46483C00D20426 /* MusicSearch.app */;
			productType = "com.apple.product-type.application";
		};
/* End PBXNativeTarget section */

/* Begin PBXProject section */
		D349DE731E46483C00D20426 /* Project object */ = {
			isa = PBXProject;
			attributes = {
				LastUpgradeCheck = 0820;
				ORGANIZATIONNAME = "Yadav, Manish";
				TargetAttributes = {
					D349DE7A1E46483C00D20426 = {
						CreatedOnToolsVersion = 8.2.1;
						ProvisioningStyle = Automatic;
					};
				};
			};
			buildConfigurationList = D349DE761E46483C00D20426 /* Build configuration list for PBXProject "MusicSearch" */;
			compatibilityVersion = "Xcode 3.2";
			developmentRegion = English;
			hasScannedForEncodings = 0;
			knownRegions = (
				en,
				Base,
			);
			mainGroup = D349DE721E46483C00D20426;
			productRefGroup = D349DE7C1E46483C00D20426 /* Products */;
			projectDirPath = "";
			projectRoot = "";
			targets = (
				D349DE7A1E46483C00D20426 /* MusicSearch */,
			);
		};
/* End PBXProject section */

/* Begin PBXResourcesBuildPhase section */
		D349DE791E46483C00D20426 /* Resources */ = {
			isa = PBXResourcesBuildPhase;
			buildActionMask = 2147483647;
			files = (
				D349DE8E1E46483D00D20426 /* LaunchScreen.storyboard in Resources */,
				D349DE8B1E46483D00D20426 /* Assets.xcassets in Resources */,
				D349DE891E46483C00D20426 /* Main.storyboard in Resources */,
			);
			runOnlyForDeploymentPostprocessing = 0;
		};
/* End PBXResourcesBuildPhase section */

/* Begin PBXSourcesBuildPhase section */
		D349DE771E46483C00D20426 /* Sources */ = {
			isa = PBXSourcesBuildPhase;
			buildActionMask = 2147483647;
			files = (
				D349DE861E46483C00D20426 /* ViewController.m in Sources */,
				D349DE831E46483C00D20426 /* AppDelegate.m in Sources */,
				D349DE801E46483C00D20426 /* main.m in Sources */,
			);
			runOnlyForDeploymentPostprocessing = 0;
		};
/* End PBXSourcesBuildPhase section */

/* Begin PBXVariantGroup section */
		D349DE871E46483C00D20426 /* Main.storyboard */ = {
			isa = PBXVariantGroup;
			children = (
				D349DE881E46483C00D20426 /* Base */,
			);
			name = Main.storyboard;
			sourceTree = "<group>";
		};
		D349DE8C1E46483D00D20426 /* LaunchScreen.storyboard */ = {
			isa = PBXVariantGroup;
			children = (
				D349DE8D1E46483D00D20426 /* Base */,
			);
			name = LaunchScreen.storyboard;
			sourceTree = "<group>";
		};
/* End PBXVariantGroup section */

/* Begin XCBuildConfiguration section */
		D349DE901E46483D00D20426 /* Debug */ = {
			isa = XCBuildConfiguration;
			buildSettings = {
				ALWAYS_SEARCH_USER_PATHS = NO;
				CLANG_ANALYZER_NONNULL = YES;
				CLANG_CXX_LANGUAGE_STANDARD = "gnu++0x";
				CLANG_CXX_LIBRARY = "libc++";
				CLANG_ENABLE_MODULES = YES;
				CLANG_ENABLE_OBJC_ARC = YES;
				CLANG_WARN_BOOL_CONVERSION = YES;
				CLANG_WARN_CONSTANT_CONVERSION = YES;
				CLANG_WARN_DIRECT_OBJC_ISA_USAGE = YES_ERROR;
				CLANG_WARN_DOCUMENTATION_COMMENTS = YES;
				CLANG_WARN_EMPTY_BODY = YES;
				CLANG_WARN_ENUM_CONVERSION = YES;
				CLANG_WARN_INFINITE_RECURSION = YES;
				CLANG_WARN_INT_CONVERSION = YES;
				CLANG_WARN_OBJC_ROOT_CLASS = YES_ERROR;
				CLANG_WARN_SUSPICIOUS_MOVE = YES;
				CLANG_WARN_UNREACHABLE_CODE = YES;
				CLANG_WARN__DUPLICATE_METHOD_MATCH = YES;
				"CODE_SIGN_IDENTITY[sdk=iphoneos*]" = "iPhone Developer";
				COPY_PHASE_STRIP = NO;
				DEBUG_INFORMATION_FORMAT = dwarf;
				ENABLE_STRICT_OBJC_MSGSEND = YES;
				ENABLE_TESTABILITY = YES;
				GCC_C_LANGUAGE_STANDARD = gnu99;
				GCC_DYNAMIC_NO_PIC = NO;
				GCC_NO_COMMON_BLOCKS = YES;
				GCC_OPTIMIZATION_LEVEL = 0;
				GCC_PREPROCESSOR_DEFINITIONS = (
					"DEBUG=1",
					"$(inherited)",
				);
				GCC_WARN_64_TO_32_BIT_CONVERSION = YES;
				GCC_WARN_ABOUT_RETURN_TYPE = YES_ERROR;
				GCC_WARN_UNDECLARED_SELECTOR = YES;
				GCC_WARN_UNINITIALIZED_AUTOS = YES_AGGRESSIVE;
				GCC_WARN_UNUSED_FUNCTION = YES;
				GCC_WARN_UNUSED_VARIABLE = YES;
				IPHONEOS_DEPLOYMENT_TARGET = 10.2;
				MTL_ENABLE_DEBUG_INFO = YES;
				ONLY_ACTIVE_ARCH = YES;
				SDKROOT = iphoneos;
			};
			name = Debug;
		};
		D349DE911E46483D00D20426 /* Release */ = {
			isa = XCBuildConfiguration;
			buildSettings = {
				ALWAYS_SEARCH_USER_PATHS = NO;
				CLANG_ANALYZER_NONNULL = YES;
				CLANG_CXX_LANGUAGE_STANDARD = "gnu++0x";
				CLANG_CXX_LIBRARY = "libc++";
				CLANG_ENABLE_MODULES = YES;
				CLANG_ENABLE_OBJC_ARC = YES;
				CLANG_WARN_BOOL_CONVERSION = YES;
				CLANG_WARN_CONSTANT_CONVERSION = YES;
				CLANG_WARN_DIRECT_OBJC_ISA_USAGE = YES_ERROR;
				CLANG_WARN_DOCUMENTATION_COMMENTS = YES;
				CLANG_WARN_EMPTY_BODY = YES;
				CLANG_WARN_ENUM_CONVERSION = YES;
				CLANG_WARN_INFINITE_RECURSION = YES;
				CLANG_WARN_INT_CONVERSION = YES;
				CLANG_WARN_OBJC_ROOT_CLASS = YES_ERROR;
				CLANG_WARN_SUSPICIOUS_MOVE = YES;
				CLANG_WARN_UNREACHABLE_CODE = YES;
				CLANG_WARN__DUPLICATE_METHOD_MATCH = YES;
				"CODE_SIGN_IDENTITY[sdk=iphoneos*]" = "iPhone Developer";
				COPY_PHASE_STRIP = NO;
				DEBUG_INFORMATION_FORMAT = "dwarf-with-dsym";
				ENABLE_NS_ASSERTIONS = NO;
				ENABLE_STRICT_OBJC_MSGSEND = YES;
				GCC_C_LANGUAGE_STANDARD = gnu99;
				GCC_NO_COMMON_BLOCKS = YES;
				GCC_WARN_64_TO_32_BIT_CONVERSION = YES;
				GCC_WARN_ABOUT_RETURN_TYPE = YES_ERROR;
				GCC_WARN_UNDECLARED_SELECTOR = YES;
				GCC_WARN_UNINITIALIZED_AUTOS = YES_AGGRESSIVE;
				GCC_WARN_UNUSED_FUNCTION = YES;
				GCC_WARN_UNUSED_VARIABLE = YES;
				IPHONEOS_DEPLOYMENT_TARGET = 10.2;
				MTL_ENABLE_DEBUG_INFO = NO;
				SDKROOT = iphoneos;
				VALIDATE_PRODUCT = YES;
			};
			name = Release;
		};
		D349DE931E46483D00D20426 /* Debug */ = {
			isa = XCBuildConfiguration;
			buildSettings = {
				ASSETCATALOG_COMPILER_APPICON_NAME = AppIcon;
				INFOPLIST_FILE = MusicSearch/Info.plist;
				LD_RUNPATH_SEARCH_PATHS = "$(inherited) @executable_path/Frameworks";
				PRODUCT_BUNDLE_IDENTIFIER = com.abc.MusicSearch;
				PRODUCT_NAME = "$(TARGET_NAME)";
			};
			name = Debug;
		};
		D349DE941E46483D00D20426 /* Release */ = {
			isa = XCBuildConfiguration;
			buildSettings = {
				ASSETCATALOG_COMPILER_APPICON_NAME = AppIcon;
				INFOPLIST_FILE = MusicSearch/Info.plist;
				LD_RUNPATH_SEARCH_PATHS = "$(inherited) @executable_path/Frameworks";
				PRODUCT_BUNDLE_IDENTIFIER = com.abc.MusicSearch;
				PRODUCT_NAME = "$(TARGET_NAME)";
			};
			name = Release;
		};
/* End XCBuildConfiguration section */

/* Begin XCConfigurationList section */
		D349DE761E46483C00D20426 /* Build configuration list for PBXProject "MusicSearch" */ = {
			isa = XCConfigurationList;
			buildConfigurations = (
				D349DE901E46483D00D20426 /* Debug */,
				D349DE911E46483D00D20426 /* Release */,
			);
			defaultConfigurationIsVisible = 0;
			defaultConfigurationName = Release;
		};
		D349DE921E46483D00D20426 /* Build configuration list for PBXNativeTarget "MusicSearch" */ = {
			isa = XCConfigurationList;
			buildConfigurations = (
				D349DE931E46483D00D20426 /* Debug */,
				D349DE941E46483D00D20426 /* Release */,
			);
			defaultConfigurationIsVisible = 0;
		};
/* End XCConfigurationList section */
	};
	rootObject = D349DE731E46483C00D20426 /* Project object */;
}
